// !$*UTF8*$!
{
	archiveVersion = 1;
	classes = {
	};
	objectVersion = 50;
	objects = {

/* Begin PBXBuildFile section */
		0DB16B4122BC27F200F3AD5A /* AppDelegate.swift in Sources */ = {isa = PBXBuildFile; fileRef = 0DB16B4022BC27F200F3AD5A /* AppDelegate.swift */; };
		0DB16B4322BC27F200F3AD5A /* SceneDelegate.swift in Sources */ = {isa = PBXBuildFile; fileRef = 0DB16B4222BC27F200F3AD5A /* SceneDelegate.swift */; };
		0DB16B4522BC27F200F3AD5A /* ContentView.swift in Sources */ = {isa = PBXBuildFile; fileRef = 0DB16B4422BC27F200F3AD5A /* ContentView.swift */; };
		0DB16B4722BC27F400F3AD5A /* Assets.xcassets in Resources */ = {isa = PBXBuildFile; fileRef = 0DB16B4622BC27F400F3AD5A /* Assets.xcassets */; };
		0DB16B4A22BC27F400F3AD5A /* Preview Assets.xcassets in Resources */ = {isa = PBXBuildFile; fileRef = 0DB16B4922BC27F400F3AD5A /* Preview Assets.xcassets */; };
		0DB16B4D22BC27F400F3AD5A /* LaunchScreen.storyboard in Resources */ = {isa = PBXBuildFile; fileRef = 0DB16B4B22BC27F400F3AD5A /* LaunchScreen.storyboard */; };
		0DEDA13A22BC358E00AB2EDD /* Car.swift in Sources */ = {isa = PBXBuildFile; fileRef = 0DEDA13922BC358E00AB2EDD /* Car.swift */; };
		0DEDA13C22BC3BC000AB2EDD /* CarViewDetail.swift in Sources */ = {isa = PBXBuildFile; fileRef = 0DEDA13B22BC3BC000AB2EDD /* CarViewDetail.swift */; };
		0DEDA13E22BC43B600AB2EDD /* File.swift in Sources */ = {isa = PBXBuildFile; fileRef = 0DEDA13D22BC43B600AB2EDD /* File.swift */; };
/* End PBXBuildFile section */

/* Begin PBXFileReference section */
		0DB16B3D22BC27F200F3AD5A /* HelloWorld.app */ = {isa = PBXFileReference; explicitFileType = wrapper.application; includeInIndex = 0; path = HelloWorld.app; sourceTree = BUILT_PRODUCTS_DIR; };
		0DB16B4022BC27F200F3AD5A /* AppDelegate.swift */ = {isa = PBXFileReference; lastKnownFileType = sourcecode.swift; path = AppDelegate.swift; sourceTree = "<group>"; };
		0DB16B4222BC27F200F3AD5A /* SceneDelegate.swift */ = {isa = PBXFileReference; lastKnownFileType = sourcecode.swift; path = SceneDelegate.swift; sourceTree = "<group>"; };
		0DB16B4422BC27F200F3AD5A /* ContentView.swift */ = {isa = PBXFileReference; lastKnownFileType = sourcecode.swift; path = ContentView.swift; sourceTree = "<group>"; };
		0DB16B4622BC27F400F3AD5A /* Assets.xcassets */ = {isa = PBXFileReference; lastKnownFileType = folder.assetcatalog; path = Assets.xcassets; sourceTree = "<group>"; };
		0DB16B4922BC27F400F3AD5A /* Preview Assets.xcassets */ = {isa = PBXFileReference; lastKnownFileType = folder.assetcatalog; path = "Preview Assets.xcassets"; sourceTree = "<group>"; };
		0DB16B4C22BC27F400F3AD5A /* Base */ = {isa = PBXFileReference; lastKnownFileType = file.storyboard; name = Base; path = Base.lproj/LaunchScreen.storyboard; sourceTree = "<group>"; };
		0DB16B4E22BC27F400F3AD5A /* Info.plist */ = {isa = PBXFileReference; lastKnownFileType = text.plist.xml; path = Info.plist; sourceTree = "<group>"; };
		0DEDA13922BC358E00AB2EDD /* Car.swift */ = {isa = PBXFileReference; lastKnownFileType = sourcecode.swift; path = Car.swift; sourceTree = "<group>"; };
		0DEDA13B22BC3BC000AB2EDD /* CarViewDetail.swift */ = {isa = PBXFileReference; lastKnownFileType = sourcecode.swift; path = CarViewDetail.swift; sourceTree = "<group>"; };
		0DEDA13D22BC43B600AB2EDD /* File.swift */ = {isa = PBXFileReference; lastKnownFileType = sourcecode.swift; path = File.swift; sourceTree = "<group>"; };
/* End PBXFileReference section */

/* Begin PBXFrameworksBuildPhase section */
		0DB16B3A22BC27F200F3AD5A /* Frameworks */ = {
			isa = PBXFrameworksBuildPhase;
			buildActionMask = 2147483647;
			files = (
			);
			runOnlyForDeploymentPostprocessing = 0;
		};
/* End PBXFrameworksBuildPhase section */

/* Begin PBXGroup section */
		0DB16B3422BC27F200F3AD5A = {
			isa = PBXGroup;
			children = (
				0DB16B3F22BC27F200F3AD5A /* HelloWorld */,
				0DB16B3E22BC27F200F3AD5A /* Products */,
			);
			sourceTree = "<group>";
		};
		0DB16B3E22BC27F200F3AD5A /* Products */ = {
			isa = PBXGroup;
			children = (
				0DB16B3D22BC27F200F3AD5A /* HelloWorld.app */,
			);
			name = Products;
			sourceTree = "<group>";
		};
		0DB16B3F22BC27F200F3AD5A /* HelloWorld */ = {
			isa = PBXGroup;
			children = (
				0DB16B4022BC27F200F3AD5A /* AppDelegate.swift */,
				0DB16B4222BC27F200F3AD5A /* SceneDelegate.swift */,
				0DEDA13922BC358E00AB2EDD /* Car.swift */,
				0DEDA13D22BC43B600AB2EDD /* File.swift */,
				0DEDA13B22BC3BC000AB2EDD /* CarViewDetail.swift */,
				0DB16B4422BC27F200F3AD5A /* ContentView.swift */,
				0DB16B4622BC27F400F3AD5A /* Assets.xcassets */,
				0DB16B4B22BC27F400F3AD5A /* LaunchScreen.storyboard */,
				0DB16B4E22BC27F400F3AD5A /* Info.plist */,
				0DB16B4822BC27F400F3AD5A /* Preview Content */,
			);
			path = HelloWorld;
			sourceTree = "<group>";
		};
		0DB16B4822BC27F400F3AD5A /* Preview Content */ = {
			isa = PBXGroup;
			children = (
				0DB16B4922BC27F400F3AD5A /* Preview Assets.xcassets */,
			);
			path = "Preview Content";
			sourceTree = "<group>";
		};
/* End PBXGroup section */

/* Begin PBXNativeTarget section */
		0DB16B3C22BC27F200F3AD5A /* HelloWorld */ = {
			isa = PBXNativeTarget;
			buildConfigurationList = 0DB16B5122BC27F400F3AD5A /* Build configuration list for PBXNativeTarget "HelloWorld" */;
			buildPhases = (
				0DB16B3922BC27F200F3AD5A /* Sources */,
				0DB16B3A22BC27F200F3AD5A /* Frameworks */,
				0DB16B3B22BC27F200F3AD5A /* Resources */,
			);
			buildRules = (
			);
			dependencies = (
			);
			name = HelloWorld;
			productName = HelloWorld;
			productReference = 0DB16B3D22BC27F200F3AD5A /* HelloWorld.app */;
			productType = "com.apple.product-type.application";
		};
/* End PBXNativeTarget section */

/* Begin PBXProject section */
		0DB16B3522BC27F200F3AD5A /* Project object */ = {
			isa = PBXProject;
			attributes = {
				LastSwiftUpdateCheck = 1100;
				LastUpgradeCheck = 1100;
				ORGANIZATIONNAME = atikhonov;
				TargetAttributes = {
					0DB16B3C22BC27F200F3AD5A = {
						CreatedOnToolsVersion = 11.0;
					};
				};
			};
			buildConfigurationList = 0DB16B3822BC27F200F3AD5A /* Build configuration list for PBXProject "HelloWorld" */;
			compatibilityVersion = "Xcode 9.3";
			developmentRegion = en;
			hasScannedForEncodings = 0;
			knownRegions = (
				en,
				Base,
			);
			mainGroup = 0DB16B3422BC27F200F3AD5A;
			productRefGroup = 0DB16B3E22BC27F200F3AD5A /* Products */;
			projectDirPath = "";
			projectRoot = "";
			targets = (
				0DB16B3C22BC27F200F3AD5A /* HelloWorld */,
			);
		};
/* End PBXProject section */

/* Begin PBXResourcesBuildPhase section */
		0DB16B3B22BC27F200F3AD5A /* Resources */ = {
			isa = PBXResourcesBuildPhase;
			buildActionMask = 2147483647;
			files = (
				0DB16B4D22BC27F400F3AD5A /* LaunchScreen.storyboard in Resources */,
				0DB16B4A22BC27F400F3AD5A /* Preview Assets.xcassets in Resources */,
				0DB16B4722BC27F400F3AD5A /* Assets.xcassets in Resources */,
			);
			runOnlyForDeploymentPostprocessing = 0;
		};
/* End PBXResourcesBuildPhase section */

/* Begin PBXSourcesBuildPhase section */
		0DB16B3922BC27F200F3AD5A /* Sources */ = {
			isa = PBXSourcesBuildPhase;
			buildActionMask = 2147483647;
			files = (
				0DB16B4122BC27F200F3AD5A /* AppDelegate.swift in Sources */,
				0DEDA13E22BC43B600AB2EDD /* File.swift in Sources */,
				0DB16B4322BC27F200F3AD5A /* SceneDelegate.swift in Sources */,
				0DEDA13A22BC358E00AB2EDD /* Car.swift in Sources */,
				0DB16B4522BC27F200F3AD5A /* ContentView.swift in Sources */,
				0DEDA13C22BC3BC000AB2EDD /* CarViewDetail.swift in Sources */,
			);
			runOnlyForDeploymentPostprocessing = 0;
		};
/* End PBXSourcesBuildPhase section */

/* Begin PBXVariantGroup section */
		0DB16B4B22BC27F400F3AD5A /* LaunchScreen.storyboard */ = {
			isa = PBXVariantGroup;
			children = (
				0DB16B4C22BC27F400F3AD5A /* Base */,
			);
			name = LaunchScreen.storyboard;
			sourceTree = "<group>";
		};
/* End PBXVariantGroup section */

/* Begin XCBuildConfiguration section */
		0DB16B4F22BC27F400F3AD5A /* Debug */ = {
			isa = XCBuildConfiguration;
			buildSettings = {
				ALWAYS_SEARCH_USER_PATHS = NO;
				CLANG_ANALYZER_NONNULL = YES;
				CLANG_ANALYZER_NUMBER_OBJECT_CONVERSION = YES_AGGRESSIVE;
				CLANG_CXX_LANGUAGE_STANDARD = "gnu++14";
				CLANG_CXX_LIBRARY = "libc++";
				CLANG_ENABLE_MODULES = YES;
				CLANG_ENABLE_OBJC_ARC = YES;
				CLANG_ENABLE_OBJC_WEAK = YES;
				CLANG_WARN_BLOCK_CAPTURE_AUTORELEASING = YES;
				CLANG_WARN_BOOL_CONVERSION = YES;
				CLANG_WARN_COMMA = YES;
				CLANG_WARN_CONSTANT_CONVERSION = YES;
				CLANG_WARN_DEPRECATED_OBJC_IMPLEMENTATIONS = YES;
				CLANG_WARN_DIRECT_OBJC_ISA_USAGE = YES_ERROR;
				CLANG_WARN_DOCUMENTATION_COMMENTS = YES;
				CLANG_WARN_EMPTY_BODY = YES;
				CLANG_WARN_ENUM_CONVERSION = YES;
				CLANG_WARN_INFINITE_RECURSION = YES;
				CLANG_WARN_INT_CONVERSION = YES;
				CLANG_WARN_NON_LITERAL_NULL_CONVERSION = YES;
				CLANG_WARN_OBJC_IMPLICIT_RETAIN_SELF = YES;
				CLANG_WARN_OBJC_LITERAL_CONVERSION = YES;
				CLANG_WARN_OBJC_ROOT_CLASS = YES_ERROR;
				CLANG_WARN_RANGE_LOOP_ANALYSIS = YES;
				CLANG_WARN_STRICT_PROTOTYPES = YES;
				CLANG_WARN_SUSPICIOUS_MOVE = YES;
				CLANG_WARN_UNGUARDED_AVAILABILITY = YES_AGGRESSIVE;
				CLANG_WARN_UNREACHABLE_CODE = YES;
				CLANG_WARN__DUPLICATE_METHOD_MATCH = YES;
				COPY_PHASE_STRIP = NO;
				DEBUG_INFORMATION_FORMAT = dwarf;
				ENABLE_STRICT_OBJC_MSGSEND = YES;
				ENABLE_TESTABILITY = YES;
				GCC_C_LANGUAGE_STANDARD = gnu11;
				GCC_DYNAMIC_NO_PIC = NO;
				GCC_NO_COMMON_BLOCKS = YES;
				GCC_OPTIMIZATION_LEVEL = 0;
				GCC_PREPROCESSOR_DEFINITIONS = (
					"DEBUG=1",
					"$(inherited)",
				);
				GCC_WARN_64_TO_32_BIT_CONVERSION = YES;
				GCC_WARN_ABOUT_RETURN_TYPE = YES_ERROR;
				GCC_WARN_UNDECLARED_SELECTOR = YES;
				GCC_WARN_UNINITIALIZED_AUTOS = YES_AGGRESSIVE;
				GCC_WARN_UNUSED_FUNCTION = YES;
				GCC_WARN_UNUSED_VARIABLE = YES;
				IPHONEOS_DEPLOYMENT_TARGET = 13.0;
				MTL_ENABLE_DEBUG_INFO = INCLUDE_SOURCE;
				MTL_FAST_MATH = YES;
				ONLY_ACTIVE_ARCH = YES;
				SDKROOT = iphoneos;
				SWIFT_ACTIVE_COMPILATION_CONDITIONS = DEBUG;
				SWIFT_OPTIMIZATION_LEVEL = "-Onone";
			};
			name = Debug;
		};
		0DB16B5022BC27F400F3AD5A /* Release */ = {
			isa = XCBuildConfiguration;
			buildSettings = {
				ALWAYS_SEARCH_USER_PATHS = NO;
				CLANG_ANALYZER_NONNULL = YES;
				CLANG_ANALYZER_NUMBER_OBJECT_CONVERSION = YES_AGGRESSIVE;
				CLANG_CXX_LANGUAGE_STANDARD = "gnu++14";
				CLANG_CXX_LIBRARY = "libc++";
				CLANG_ENABLE_MODULES = YES;
				CLANG_ENABLE_OBJC_ARC = YES;
				CLANG_ENABLE_OBJC_WEAK = YES;
				CLANG_WARN_BLOCK_CAPTURE_AUTORELEASING = YES;
				CLANG_WARN_BOOL_CONVERSION = YES;
				CLANG_WARN_COMMA = YES;
				CLANG_WARN_CONSTANT_CONVERSION = YES;
				CLANG_WARN_DEPRECATED_OBJC_IMPLEMENTATIONS = YES;
				CLANG_WARN_DIRECT_OBJC_ISA_USAGE = YES_ERROR;
				CLANG_WARN_DOCUMENTATION_COMMENTS = YES;
				CLANG_WARN_EMPTY_BODY = YES;
				CLANG_WARN_ENUM_CONVERSION = YES;
				CLANG_WARN_INFINITE_RECURSION = YES;
				CLANG_WARN_INT_CONVERSION = YES;
				CLANG_WARN_NON_LITERAL_NULL_CONVERSION = YES;
				CLANG_WARN_OBJC_IMPLICIT_RETAIN_SELF = YES;
				CLANG_WARN_OBJC_LITERAL_CONVERSION = YES;
				CLANG_WARN_OBJC_ROOT_CLASS = YES_ERROR;
				CLANG_WARN_RANGE_LOOP_ANALYSIS = YES;
				CLANG_WARN_STRICT_PROTOTYPES = YES;
				CLANG_WARN_SUSPICIOUS_MOVE = YES;
				CLANG_WARN_UNGUARDED_AVAILABILITY = YES_AGGRESSIVE;
				CLANG_WARN_UNREACHABLE_CODE = YES;
				CLANG_WARN__DUPLICATE_METHOD_MATCH = YES;
				COPY_PHASE_STRIP = NO;
				DEBUG_INFORMATION_FORMAT = "dwarf-with-dsym";
				ENABLE_NS_ASSERTIONS = NO;
				ENABLE_STRICT_OBJC_MSGSEND = YES;
				GCC_C_LANGUAGE_STANDARD = gnu11;
				GCC_NO_COMMON_BLOCKS = YES;
				GCC_WARN_64_TO_32_BIT_CONVERSION = YES;
				GCC_WARN_ABOUT_RETURN_TYPE = YES_ERROR;
				GCC_WARN_UNDECLARED_SELECTOR = YES;
				GCC_WARN_UNINITIALIZED_AUTOS = YES_AGGRESSIVE;
				GCC_WARN_UNUSED_FUNCTION = YES;
				GCC_WARN_UNUSED_VARIABLE = YES;
				IPHONEOS_DEPLOYMENT_TARGET = 13.0;
				MTL_ENABLE_DEBUG_INFO = NO;
				MTL_FAST_MATH = YES;
				SDKROOT = iphoneos;
				SWIFT_COMPILATION_MODE = wholemodule;
				SWIFT_OPTIMIZATION_LEVEL = "-O";
				VALIDATE_PRODUCT = YES;
			};
			name = Release;
		};
		0DB16B5222BC27F400F3AD5A /* Debug */ = {
			isa = XCBuildConfiguration;
			buildSettings = {
				ASSETCATALOG_COMPILER_APPICON_NAME = AppIcon;
				CODE_SIGN_STYLE = Automatic;
				DEVELOPMENT_ASSET_PATHS = "HelloWorld/Preview\\ Content";
				DEVELOPMENT_TEAM = RJEHPE26WF;
				ENABLE_PREVIEWS = YES;
				INFOPLIST_FILE = HelloWorld/Info.plist;
				LD_RUNPATH_SEARCH_PATHS = (
					"$(inherited)",
					"@executable_path/Frameworks",
				);
				PRODUCT_BUNDLE_IDENTIFIER = com.tikhonov.HelloWorld;
				PRODUCT_NAME = "$(TARGET_NAME)";
				SWIFT_VERSION = 5.0;
				TARGETED_DEVICE_FAMILY = "1,2";
			};
			name = Debug;
		};
		0DB16B5322BC27F400F3AD5A /* Release */ = {
			isa = XCBuildConfiguration;
			buildSettings = {
				ASSETCATALOG_COMPILER_APPICON_NAME = AppIcon;
				CODE_SIGN_STYLE = Automatic;
				DEVELOPMENT_ASSET_PATHS = "HelloWorld/Preview\\ Content";
				DEVELOPMENT_TEAM = RJEHPE26WF;
				ENABLE_PREVIEWS = YES;
				INFOPLIST_FILE = HelloWorld/Info.plist;
				LD_RUNPATH_SEARCH_PATHS = (
					"$(inherited)",
					"@executable_path/Frameworks",
				);
				PRODUCT_BUNDLE_IDENTIFIER = com.tikhonov.HelloWorld;
				PRODUCT_NAME = "$(TARGET_NAME)";
				SWIFT_VERSION = 5.0;
				TARGETED_DEVICE_FAMILY = "1,2";
			};
			name = Release;
		};
/* End XCBuildConfiguration section */

/* Begin XCConfigurationList section */
		0DB16B3822BC27F200F3AD5A /* Build configuration list for PBXProject "HelloWorld" */ = {
			isa = XCConfigurationList;
			buildConfigurations = (
				0DB16B4F22BC27F400F3AD5A /* Debug */,
				0DB16B5022BC27F400F3AD5A /* Release */,
			);
			defaultConfigurationIsVisible = 0;
			defaultConfigurationName = Release;
		};
		0DB16B5122BC27F400F3AD5A /* Build configuration list for PBXNativeTarget "HelloWorld" */ = {
			isa = XCConfigurationList;
			buildConfigurations = (
				0DB16B5222BC27F400F3AD5A /* Debug */,
				0DB16B5322BC27F400F3AD5A /* Release */,
			);
			defaultConfigurationIsVisible = 0;
			defaultConfigurationName = Release;
		};
/* End XCConfigurationList section */
	};
	rootObject = 0DB16B3522BC27F200F3AD5A /* Project object */;
}
