// !$*UTF8*$!
{
	archiveVersion = 1;
	classes = {
	};
	objectVersion = 50;
	objects = {

/* Begin PBXBuildFile section */
		0D8F1C252231C41F004D4BF0 /* AppDelegate.swift in Sources */ = {isa = PBXBuildFile; fileRef = 0D8F1C242231C41F004D4BF0 /* AppDelegate.swift */; };
		0D8F1C272231C41F004D4BF0 /* ViewController.swift in Sources */ = {isa = PBXBuildFile; fileRef = 0D8F1C262231C41F004D4BF0 /* ViewController.swift */; };
		0D8F1C2A2231C41F004D4BF0 /* Main.storyboard in Resources */ = {isa = PBXBuildFile; fileRef = 0D8F1C282231C41F004D4BF0 /* Main.storyboard */; };
		0D8F1C2C2231C420004D4BF0 /* Assets.xcassets in Resources */ = {isa = PBXBuildFile; fileRef = 0D8F1C2B2231C420004D4BF0 /* Assets.xcassets */; };
		0D8F1C2F2231C420004D4BF0 /* LaunchScreen.storyboard in Resources */ = {isa = PBXBuildFile; fileRef = 0D8F1C2D2231C420004D4BF0 /* LaunchScreen.storyboard */; };
		0D96FFA722326DD100C61303 /* LoadedViewController.swift in Sources */ = {isa = PBXBuildFile; fileRef = 0D96FFA522326DD100C61303 /* LoadedViewController.swift */; };
		0D96FFA822326DD100C61303 /* LoadedViewController.xib in Resources */ = {isa = PBXBuildFile; fileRef = 0D96FFA622326DD100C61303 /* LoadedViewController.xib */; };
/* End PBXBuildFile section */

/* Begin PBXFileReference section */
		0D8F1C212231C41F004D4BF0 /* loadView.app */ = {isa = PBXFileReference; explicitFileType = wrapper.application; includeInIndex = 0; path = loadView.app; sourceTree = BUILT_PRODUCTS_DIR; };
		0D8F1C242231C41F004D4BF0 /* AppDelegate.swift */ = {isa = PBXFileReference; lastKnownFileType = sourcecode.swift; path = AppDelegate.swift; sourceTree = "<group>"; };
		0D8F1C262231C41F004D4BF0 /* ViewController.swift */ = {isa = PBXFileReference; lastKnownFileType = sourcecode.swift; path = ViewController.swift; sourceTree = "<group>"; };
		0D8F1C292231C41F004D4BF0 /* Base */ = {isa = PBXFileReference; lastKnownFileType = file.storyboard; name = Base; path = Base.lproj/Main.storyboard; sourceTree = "<group>"; };
		0D8F1C2B2231C420004D4BF0 /* Assets.xcassets */ = {isa = PBXFileReference; lastKnownFileType = folder.assetcatalog; path = Assets.xcassets; sourceTree = "<group>"; };
		0D8F1C2E2231C420004D4BF0 /* Base */ = {isa = PBXFileReference; lastKnownFileType = file.storyboard; name = Base; path = Base.lproj/LaunchScreen.storyboard; sourceTree = "<group>"; };
		0D8F1C302231C420004D4BF0 /* Info.plist */ = {isa = PBXFileReference; lastKnownFileType = text.plist.xml; path = Info.plist; sourceTree = "<group>"; };
		0D96FFA522326DD100C61303 /* LoadedViewController.swift */ = {isa = PBXFileReference; lastKnownFileType = sourcecode.swift; path = LoadedViewController.swift; sourceTree = "<group>"; };
		0D96FFA622326DD100C61303 /* LoadedViewController.xib */ = {isa = PBXFileReference; lastKnownFileType = file.xib; path = LoadedViewController.xib; sourceTree = "<group>"; };
/* End PBXFileReference section */

/* Begin PBXFrameworksBuildPhase section */
		0D8F1C1E2231C41F004D4BF0 /* Frameworks */ = {
			isa = PBXFrameworksBuildPhase;
			buildActionMask = 2147483647;
			files = (
			);
			runOnlyForDeploymentPostprocessing = 0;
		};
/* End PBXFrameworksBuildPhase section */

/* Begin PBXGroup section */
		0D8F1C182231C41F004D4BF0 = {
			isa = PBXGroup;
			children = (
				0D8F1C232231C41F004D4BF0 /* loadView */,
				0D8F1C222231C41F004D4BF0 /* Products */,
			);
			sourceTree = "<group>";
		};
		0D8F1C222231C41F004D4BF0 /* Products */ = {
			isa = PBXGroup;
			children = (
				0D8F1C212231C41F004D4BF0 /* loadView.app */,
			);
			name = Products;
			sourceTree = "<group>";
		};
		0D8F1C232231C41F004D4BF0 /* loadView */ = {
			isa = PBXGroup;
			children = (
				0D8F1C242231C41F004D4BF0 /* AppDelegate.swift */,
				0D8F1C262231C41F004D4BF0 /* ViewController.swift */,
				0D96FFA522326DD100C61303 /* LoadedViewController.swift */,
				0D96FFA622326DD100C61303 /* LoadedViewController.xib */,
				0D8F1C282231C41F004D4BF0 /* Main.storyboard */,
				0D8F1C2B2231C420004D4BF0 /* Assets.xcassets */,
				0D8F1C2D2231C420004D4BF0 /* LaunchScreen.storyboard */,
				0D8F1C302231C420004D4BF0 /* Info.plist */,
			);
			path = loadView;
			sourceTree = "<group>";
		};
/* End PBXGroup section */

/* Begin PBXNativeTarget section */
		0D8F1C202231C41F004D4BF0 /* loadView */ = {
			isa = PBXNativeTarget;
			buildConfigurationList = 0D8F1C332231C420004D4BF0 /* Build configuration list for PBXNativeTarget "loadView" */;
			buildPhases = (
				0D8F1C1D2231C41F004D4BF0 /* Sources */,
				0D8F1C1E2231C41F004D4BF0 /* Frameworks */,
				0D8F1C1F2231C41F004D4BF0 /* Resources */,
			);
			buildRules = (
			);
			dependencies = (
			);
			name = loadView;
			productName = loadView;
			productReference = 0D8F1C212231C41F004D4BF0 /* loadView.app */;
			productType = "com.apple.product-type.application";
		};
/* End PBXNativeTarget section */

/* Begin PBXProject section */
		0D8F1C192231C41F004D4BF0 /* Project object */ = {
			isa = PBXProject;
			attributes = {
				LastSwiftUpdateCheck = 1010;
				LastUpgradeCheck = 1010;
				ORGANIZATIONNAME = atikhonov;
				TargetAttributes = {
					0D8F1C202231C41F004D4BF0 = {
						CreatedOnToolsVersion = 10.1;
					};
				};
			};
			buildConfigurationList = 0D8F1C1C2231C41F004D4BF0 /* Build configuration list for PBXProject "loadView" */;
			compatibilityVersion = "Xcode 9.3";
			developmentRegion = en;
			hasScannedForEncodings = 0;
			knownRegions = (
				en,
				Base,
			);
			mainGroup = 0D8F1C182231C41F004D4BF0;
			productRefGroup = 0D8F1C222231C41F004D4BF0 /* Products */;
			projectDirPath = "";
			projectRoot = "";
			targets = (
				0D8F1C202231C41F004D4BF0 /* loadView */,
			);
		};
/* End PBXProject section */

/* Begin PBXResourcesBuildPhase section */
		0D8F1C1F2231C41F004D4BF0 /* Resources */ = {
			isa = PBXResourcesBuildPhase;
			buildActionMask = 2147483647;
			files = (
				0D8F1C2F2231C420004D4BF0 /* LaunchScreen.storyboard in Resources */,
				0D96FFA822326DD100C61303 /* LoadedViewController.xib in Resources */,
				0D8F1C2C2231C420004D4BF0 /* Assets.xcassets in Resources */,
				0D8F1C2A2231C41F004D4BF0 /* Main.storyboard in Resources */,
			);
			runOnlyForDeploymentPostprocessing = 0;
		};
/* End PBXResourcesBuildPhase section */

/* Begin PBXSourcesBuildPhase section */
		0D8F1C1D2231C41F004D4BF0 /* Sources */ = {
			isa = PBXSourcesBuildPhase;
			buildActionMask = 2147483647;
			files = (
				0D8F1C272231C41F004D4BF0 /* ViewController.swift in Sources */,
				0D8F1C252231C41F004D4BF0 /* AppDelegate.swift in Sources */,
				0D96FFA722326DD100C61303 /* LoadedViewController.swift in Sources */,
			);
			runOnlyForDeploymentPostprocessing = 0;
		};
/* End PBXSourcesBuildPhase section */

/* Begin PBXVariantGroup section */
		0D8F1C282231C41F004D4BF0 /* Main.storyboard */ = {
			isa = PBXVariantGroup;
			children = (
				0D8F1C292231C41F004D4BF0 /* Base */,
			);
			name = Main.storyboard;
			sourceTree = "<group>";
		};
		0D8F1C2D2231C420004D4BF0 /* LaunchScreen.storyboard */ = {
			isa = PBXVariantGroup;
			children = (
				0D8F1C2E2231C420004D4BF0 /* Base */,
			);
			name = LaunchScreen.storyboard;
			sourceTree = "<group>";
		};
/* End PBXVariantGroup section */

/* Begin XCBuildConfiguration section */
		0D8F1C312231C420004D4BF0 /* Debug */ = {
			isa = XCBuildConfiguration;
			buildSettings = {
				ALWAYS_SEARCH_USER_PATHS = NO;
				CLANG_ANALYZER_NONNULL = YES;
				CLANG_ANALYZER_NUMBER_OBJECT_CONVERSION = YES_AGGRESSIVE;
				CLANG_CXX_LANGUAGE_STANDARD = "gnu++14";
				CLANG_CXX_LIBRARY = "libc++";
				CLANG_ENABLE_MODULES = YES;
				CLANG_ENABLE_OBJC_ARC = YES;
				CLANG_ENABLE_OBJC_WEAK = YES;
				CLANG_WARN_BLOCK_CAPTURE_AUTORELEASING = YES;
				CLANG_WARN_BOOL_CONVERSION = YES;
				CLANG_WARN_COMMA = YES;
				CLANG_WARN_CONSTANT_CONVERSION = YES;
				CLANG_WARN_DEPRECATED_OBJC_IMPLEMENTATIONS = YES;
				CLANG_WARN_DIRECT_OBJC_ISA_USAGE = YES_ERROR;
				CLANG_WARN_DOCUMENTATION_COMMENTS = YES;
				CLANG_WARN_EMPTY_BODY = YES;
				CLANG_WARN_ENUM_CONVERSION = YES;
				CLANG_WARN_INFINITE_RECURSION = YES;
				CLANG_WARN_INT_CONVERSION = YES;
				CLANG_WARN_NON_LITERAL_NULL_CONVERSION = YES;
				CLANG_WARN_OBJC_IMPLICIT_RETAIN_SELF = YES;
				CLANG_WARN_OBJC_LITERAL_CONVERSION = YES;
				CLANG_WARN_OBJC_ROOT_CLASS = YES_ERROR;
				CLANG_WARN_RANGE_LOOP_ANALYSIS = YES;
				CLANG_WARN_STRICT_PROTOTYPES = YES;
				CLANG_WARN_SUSPICIOUS_MOVE = YES;
				CLANG_WARN_UNGUARDED_AVAILABILITY = YES_AGGRESSIVE;
				CLANG_WARN_UNREACHABLE_CODE = YES;
				CLANG_WARN__DUPLICATE_METHOD_MATCH = YES;
				CODE_SIGN_IDENTITY = "iPhone Developer";
				COPY_PHASE_STRIP = NO;
				DEBUG_INFORMATION_FORMAT = dwarf;
				ENABLE_STRICT_OBJC_MSGSEND = YES;
				ENABLE_TESTABILITY = YES;
				GCC_C_LANGUAGE_STANDARD = gnu11;
				GCC_DYNAMIC_NO_PIC = NO;
				GCC_NO_COMMON_BLOCKS = YES;
				GCC_OPTIMIZATION_LEVEL = 0;
				GCC_PREPROCESSOR_DEFINITIONS = (
					"DEBUG=1",
					"$(inherited)",
				);
				GCC_WARN_64_TO_32_BIT_CONVERSION = YES;
				GCC_WARN_ABOUT_RETURN_TYPE = YES_ERROR;
				GCC_WARN_UNDECLARED_SELECTOR = YES;
				GCC_WARN_UNINITIALIZED_AUTOS = YES_AGGRESSIVE;
				GCC_WARN_UNUSED_FUNCTION = YES;
				GCC_WARN_UNUSED_VARIABLE = YES;
				IPHONEOS_DEPLOYMENT_TARGET = 12.1;
				MTL_ENABLE_DEBUG_INFO = INCLUDE_SOURCE;
				MTL_FAST_MATH = YES;
				ONLY_ACTIVE_ARCH = YES;
				SDKROOT = iphoneos;
				SWIFT_ACTIVE_COMPILATION_CONDITIONS = DEBUG;
				SWIFT_OPTIMIZATION_LEVEL = "-Onone";
			};
			name = Debug;
		};
		0D8F1C322231C420004D4BF0 /* Release */ = {
			isa = XCBuildConfiguration;
			buildSettings = {
				ALWAYS_SEARCH_USER_PATHS = NO;
				CLANG_ANALYZER_NONNULL = YES;
				CLANG_ANALYZER_NUMBER_OBJECT_CONVERSION = YES_AGGRESSIVE;
				CLANG_CXX_LANGUAGE_STANDARD = "gnu++14";
				CLANG_CXX_LIBRARY = "libc++";
				CLANG_ENABLE_MODULES = YES;
				CLANG_ENABLE_OBJC_ARC = YES;
				CLANG_ENABLE_OBJC_WEAK = YES;
				CLANG_WARN_BLOCK_CAPTURE_AUTORELEASING = YES;
				CLANG_WARN_BOOL_CONVERSION = YES;
				CLANG_WARN_COMMA = YES;
				CLANG_WARN_CONSTANT_CONVERSION = YES;
				CLANG_WARN_DEPRECATED_OBJC_IMPLEMENTATIONS = YES;
				CLANG_WARN_DIRECT_OBJC_ISA_USAGE = YES_ERROR;
				CLANG_WARN_DOCUMENTATION_COMMENTS = YES;
				CLANG_WARN_EMPTY_BODY = YES;
				CLANG_WARN_ENUM_CONVERSION = YES;
				CLANG_WARN_INFINITE_RECURSION = YES;
				CLANG_WARN_INT_CONVERSION = YES;
				CLANG_WARN_NON_LITERAL_NULL_CONVERSION = YES;
				CLANG_WARN_OBJC_IMPLICIT_RETAIN_SELF = YES;
				CLANG_WARN_OBJC_LITERAL_CONVERSION = YES;
				CLANG_WARN_OBJC_ROOT_CLASS = YES_ERROR;
				CLANG_WARN_RANGE_LOOP_ANALYSIS = YES;
				CLANG_WARN_STRICT_PROTOTYPES = YES;
				CLANG_WARN_SUSPICIOUS_MOVE = YES;
				CLANG_WARN_UNGUARDED_AVAILABILITY = YES_AGGRESSIVE;
				CLANG_WARN_UNREACHABLE_CODE = YES;
				CLANG_WARN__DUPLICATE_METHOD_MATCH = YES;
				CODE_SIGN_IDENTITY = "iPhone Developer";
				COPY_PHASE_STRIP = NO;
				DEBUG_INFORMATION_FORMAT = "dwarf-with-dsym";
				ENABLE_NS_ASSERTIONS = NO;
				ENABLE_STRICT_OBJC_MSGSEND = YES;
				GCC_C_LANGUAGE_STANDARD = gnu11;
				GCC_NO_COMMON_BLOCKS = YES;
				GCC_WARN_64_TO_32_BIT_CONVERSION = YES;
				GCC_WARN_ABOUT_RETURN_TYPE = YES_ERROR;
				GCC_WARN_UNDECLARED_SELECTOR = YES;
				GCC_WARN_UNINITIALIZED_AUTOS = YES_AGGRESSIVE;
				GCC_WARN_UNUSED_FUNCTION = YES;
				GCC_WARN_UNUSED_VARIABLE = YES;
				IPHONEOS_DEPLOYMENT_TARGET = 12.1;
				MTL_ENABLE_DEBUG_INFO = NO;
				MTL_FAST_MATH = YES;
				SDKROOT = iphoneos;
				SWIFT_COMPILATION_MODE = wholemodule;
				SWIFT_OPTIMIZATION_LEVEL = "-O";
				VALIDATE_PRODUCT = YES;
			};
			name = Release;
		};
		0D8F1C342231C420004D4BF0 /* Debug */ = {
			isa = XCBuildConfiguration;
			buildSettings = {
				ASSETCATALOG_COMPILER_APPICON_NAME = AppIcon;
				CODE_SIGN_STYLE = Automatic;
				DEVELOPMENT_TEAM = RJEHPE26WF;
				INFOPLIST_FILE = loadView/Info.plist;
				LD_RUNPATH_SEARCH_PATHS = (
					"$(inherited)",
					"@executable_path/Frameworks",
				);
				PRODUCT_BUNDLE_IDENTIFIER = com.tikhonov.loadView;
				PRODUCT_NAME = "$(TARGET_NAME)";
				SWIFT_VERSION = 4.2;
				TARGETED_DEVICE_FAMILY = "1,2";
			};
			name = Debug;
		};
		0D8F1C352231C420004D4BF0 /* Release */ = {
			isa = XCBuildConfiguration;
			buildSettings = {
				ASSETCATALOG_COMPILER_APPICON_NAME = AppIcon;
				CODE_SIGN_STYLE = Automatic;
				DEVELOPMENT_TEAM = RJEHPE26WF;
				INFOPLIST_FILE = loadView/Info.plist;
				LD_RUNPATH_SEARCH_PATHS = (
					"$(inherited)",
					"@executable_path/Frameworks",
				);
				PRODUCT_BUNDLE_IDENTIFIER = com.tikhonov.loadView;
				PRODUCT_NAME = "$(TARGET_NAME)";
				SWIFT_VERSION = 4.2;
				TARGETED_DEVICE_FAMILY = "1,2";
			};
			name = Release;
		};
/* End XCBuildConfiguration section */

/* Begin XCConfigurationList section */
		0D8F1C1C2231C41F004D4BF0 /* Build configuration list for PBXProject "loadView" */ = {
			isa = XCConfigurationList;
			buildConfigurations = (
				0D8F1C312231C420004D4BF0 /* Debug */,
				0D8F1C322231C420004D4BF0 /* Release */,
			);
			defaultConfigurationIsVisible = 0;
			defaultConfigurationName = Release;
		};
		0D8F1C332231C420004D4BF0 /* Build configuration list for PBXNativeTarget "loadView" */ = {
			isa = XCConfigurationList;
			buildConfigurations = (
				0D8F1C342231C420004D4BF0 /* Debug */,
				0D8F1C352231C420004D4BF0 /* Release */,
			);
			defaultConfigurationIsVisible = 0;
			defaultConfigurationName = Release;
		};
/* End XCConfigurationList section */
	};
	rootObject = 0D8F1C192231C41F004D4BF0 /* Project object */;
}
